PODS:
  - ADNKit (1.3.1):
    - AFNetworking (~> 1.3.0)
  - AFNetworking (1.3.3)
  - JLRoutes (1.5)
  - SSKeychain (1.2.2)

DEPENDENCIES:
  - ADNKit (from `https://github.com/keichan34/ADNKit.git`, branch `implicit-grant-authentication`)
  - JLRoutes (~> 1.5)
  - SSKeychain (~> 1.2)

EXTERNAL SOURCES:
  ADNKit:
    :branch: implicit-grant-authentication
    :git: https://github.com/keichan34/ADNKit.git

SPEC CHECKSUMS:
  ADNKit: 65e6e11634b81422528e5778937fab24f6b2cddd
  AFNetworking: 61fdd49e2ffe6380378df37b3b6e70630bb9dd66
  JLRoutes: 377be327c3070c5b7131e4fc3debdbe0fd704939
  SSKeychain: 3d0b76c87e7b062a7ad1631a825fddec84367d44

COCOAPODS: 0.31.1
